{
  "name": "unmoderndjango",
  "lockfileVersion": 3,
  "requires": true,
  "packages": {
    "": {
      "dependencies": {
        "missing.css": "^1.1.1"
      }
    },
    "node_modules/missing.css": {
      "version": "1.1.1",
      "resolved": "https://registry.npmjs.org/missing.css/-/missing.css-1.1.1.tgz",
      "integrity": "sha512-JzfR7yuu7N+P/rNwJCcpjETUxi+21LMLZkFaYZB57NO7FRR4Op/V8C9XxOTnxei+Wd7Faz7blDDyx1l5Zk0moA=="
    }
  }
}
